
Microsoft Visual Studio Solution File, Format Version 12.00
# Visual Studio Version 17
VisualStudioVersion = 17.8.34330.188
MinimumVisualStudioVersion = 10.0.40219.1
Project("{FAE04EC0-301F-11D3-BF4B-00C04F79EFBC}") = "Kanban_server", "Kanban_server.csproj", "{04A25234-49C5-4DA8-AC78-52A1FA52C573}"
EndProject
Project("{FAE04EC0-301F-11D3-BF4B-00C04F79EFBC}") = "Kanban_client", "..\Kanban_client\Kanban_client.csproj", "{B9A66AF5-5D2E-4243-BF5F-F4CB07BA393C}"
EndProject
Global
	GlobalSection(SolutionConfigurationPlatforms) = preSolution
		Debug|Any CPU = Debug|Any CPU
		Release|Any CPU = Release|Any CPU
	EndGlobalSection
	GlobalSection(ProjectConfigurationPlatforms) = postSolution
		{04A25234-49C5-4DA8-AC78-52A1FA52C573}.Debug|Any CPU.ActiveCfg = Debug|Any CPU
		{04A25234-49C5-4DA8-AC78-52A1FA52C573}.Debug|Any CPU.Build.0 = Debug|Any CPU
		{04A25234-49C5-4DA8-AC78-52A1FA52C573}.Release|Any CPU.ActiveCfg = Release|Any CPU
		{04A25234-49C5-4DA8-AC78-52A1FA52C573}.Release|Any CPU.Build.0 = Release|Any CPU
		{B9A66AF5-5D2E-4243-BF5F-F4CB07BA393C}.Debug|Any CPU.ActiveCfg = Debug|Any CPU
		{B9A66AF5-5D2E-4243-BF5F-F4CB07BA393C}.Debug|Any CPU.Build.0 = Debug|Any CPU
		{B9A66AF5-5D2E-4243-BF5F-F4CB07BA393C}.Release|Any CPU.ActiveCfg = Release|Any CPU
		{B9A66AF5-5D2E-4243-BF5F-F4CB07BA393C}.Release|Any CPU.Build.0 = Release|Any CPU
	EndGlobalSection
	GlobalSection(SolutionProperties) = preSolution
		HideSolutionNode = FALSE
	EndGlobalSection
	GlobalSection(ExtensibilityGlobals) = postSolution
		SolutionGuid = {81243F74-3417-4B3A-8ED9-E0F4AE4CBAD7}
	EndGlobalSection
EndGlobal
