
Microsoft Visual Studio Solution File, Format Version 12.00
# Visual Studio Version 17
VisualStudioVersion = 17.8.34330.188
MinimumVisualStudioVersion = 10.0.40219.1
Project("{FAE04EC0-301F-11D3-BF4B-00C04F79EFBC}") = "ClientTCP", "ClientTCP.csproj", "{20785296-F6FD-4D3D-BF6D-F2E1262AF3FE}"
EndProject
Project("{FAE04EC0-301F-11D3-BF4B-00C04F79EFBC}") = "ServerTCP", "..\ServerTCP\ServerTCP.csproj", "{5101D5BE-59BA-40FE-B70A-83F63A8804D2}"
EndProject
Global
	GlobalSection(SolutionConfigurationPlatforms) = preSolution
		Debug|Any CPU = Debug|Any CPU
		Release|Any CPU = Release|Any CPU
	EndGlobalSection
	GlobalSection(ProjectConfigurationPlatforms) = postSolution
		{20785296-F6FD-4D3D-BF6D-F2E1262AF3FE}.Debug|Any CPU.ActiveCfg = Debug|Any CPU
		{20785296-F6FD-4D3D-BF6D-F2E1262AF3FE}.Debug|Any CPU.Build.0 = Debug|Any CPU
		{20785296-F6FD-4D3D-BF6D-F2E1262AF3FE}.Release|Any CPU.ActiveCfg = Release|Any CPU
		{20785296-F6FD-4D3D-BF6D-F2E1262AF3FE}.Release|Any CPU.Build.0 = Release|Any CPU
		{5101D5BE-59BA-40FE-B70A-83F63A8804D2}.Debug|Any CPU.ActiveCfg = Debug|Any CPU
		{5101D5BE-59BA-40FE-B70A-83F63A8804D2}.Debug|Any CPU.Build.0 = Debug|Any CPU
		{5101D5BE-59BA-40FE-B70A-83F63A8804D2}.Release|Any CPU.ActiveCfg = Release|Any CPU
		{5101D5BE-59BA-40FE-B70A-83F63A8804D2}.Release|Any CPU.Build.0 = Release|Any CPU
	EndGlobalSection
	GlobalSection(SolutionProperties) = preSolution
		HideSolutionNode = FALSE
	EndGlobalSection
	GlobalSection(ExtensibilityGlobals) = postSolution
		SolutionGuid = {9CB35168-3AA4-4C05-95A7-FED6B658EEEE}
	EndGlobalSection
EndGlobal
